// !$*UTF8*$!
{
	archiveVersion = 1;
	classes = {
	};
	objectVersion = 56;
	objects = {

/* Begin PBXBuildFile section */
		275457112979BD1900D58E09 /* SmartDicApp.swift in Sources */ = {isa = PBXBuildFile; fileRef = 275457102979BD1900D58E09 /* SmartDicApp.swift */; };
		275457132979BD1900D58E09 /* ContentView.swift in Sources */ = {isa = PBXBuildFile; fileRef = 275457122979BD1900D58E09 /* ContentView.swift */; };
		275457152979BD1900D58E09 /* Assets.xcassets in Resources */ = {isa = PBXBuildFile; fileRef = 275457142979BD1900D58E09 /* Assets.xcassets */; };
		275457182979BD1900D58E09 /* Preview Assets.xcassets in Resources */ = {isa = PBXBuildFile; fileRef = 275457172979BD1900D58E09 /* Preview Assets.xcassets */; };
		275457222979BD1900D58E09 /* SmartDicTests.swift in Sources */ = {isa = PBXBuildFile; fileRef = 275457212979BD1900D58E09 /* SmartDicTests.swift */; };
		2754572C2979BD1A00D58E09 /* SmartDicUITests.swift in Sources */ = {isa = PBXBuildFile; fileRef = 2754572B2979BD1A00D58E09 /* SmartDicUITests.swift */; };
		2754572E2979BD1A00D58E09 /* SmartDicUITestsLaunchTests.swift in Sources */ = {isa = PBXBuildFile; fileRef = 2754572D2979BD1A00D58E09 /* SmartDicUITestsLaunchTests.swift */; };
/* End PBXBuildFile section */

/* Begin PBXContainerItemProxy section */
		2754571E2979BD1900D58E09 /* PBXContainerItemProxy */ = {
			isa = PBXContainerItemProxy;
			containerPortal = 275457052979BD1900D58E09 /* Project object */;
			proxyType = 1;
			remoteGlobalIDString = 2754570C2979BD1900D58E09;
			remoteInfo = SmartDic;
		};
		275457282979BD1A00D58E09 /* PBXContainerItemProxy */ = {
			isa = PBXContainerItemProxy;
			containerPortal = 275457052979BD1900D58E09 /* Project object */;
			proxyType = 1;
			remoteGlobalIDString = 2754570C2979BD1900D58E09;
			remoteInfo = SmartDic;
		};
/* End PBXContainerItemProxy section */

/* Begin PBXFileReference section */
		2754570D2979BD1900D58E09 /* SmartDic.app */ = {isa = PBXFileReference; explicitFileType = wrapper.application; includeInIndex = 0; path = SmartDic.app; sourceTree = BUILT_PRODUCTS_DIR; };
		275457102979BD1900D58E09 /* SmartDicApp.swift */ = {isa = PBXFileReference; lastKnownFileType = sourcecode.swift; path = SmartDicApp.swift; sourceTree = "<group>"; };
		275457122979BD1900D58E09 /* ContentView.swift */ = {isa = PBXFileReference; lastKnownFileType = sourcecode.swift; path = ContentView.swift; sourceTree = "<group>"; };
		275457142979BD1900D58E09 /* Assets.xcassets */ = {isa = PBXFileReference; lastKnownFileType = folder.assetcatalog; path = Assets.xcassets; sourceTree = "<group>"; };
		275457172979BD1900D58E09 /* Preview Assets.xcassets */ = {isa = PBXFileReference; lastKnownFileType = folder.assetcatalog; path = "Preview Assets.xcassets"; sourceTree = "<group>"; };
		2754571D2979BD1900D58E09 /* SmartDicTests.xctest */ = {isa = PBXFileReference; explicitFileType = wrapper.cfbundle; includeInIndex = 0; path = SmartDicTests.xctest; sourceTree = BUILT_PRODUCTS_DIR; };
		275457212979BD1900D58E09 /* SmartDicTests.swift */ = {isa = PBXFileReference; lastKnownFileType = sourcecode.swift; path = SmartDicTests.swift; sourceTree = "<group>"; };
		275457272979BD1A00D58E09 /* SmartDicUITests.xctest */ = {isa = PBXFileReference; explicitFileType = wrapper.cfbundle; includeInIndex = 0; path = SmartDicUITests.xctest; sourceTree = BUILT_PRODUCTS_DIR; };
		2754572B2979BD1A00D58E09 /* SmartDicUITests.swift */ = {isa = PBXFileReference; lastKnownFileType = sourcecode.swift; path = SmartDicUITests.swift; sourceTree = "<group>"; };
		2754572D2979BD1A00D58E09 /* SmartDicUITestsLaunchTests.swift */ = {isa = PBXFileReference; lastKnownFileType = sourcecode.swift; path = SmartDicUITestsLaunchTests.swift; sourceTree = "<group>"; };
/* End PBXFileReference section */

/* Begin PBXFrameworksBuildPhase section */
		2754570A2979BD1900D58E09 /* Frameworks */ = {
			isa = PBXFrameworksBuildPhase;
			buildActionMask = 2147483647;
			files = (
			);
			runOnlyForDeploymentPostprocessing = 0;
		};
		2754571A2979BD1900D58E09 /* Frameworks */ = {
			isa = PBXFrameworksBuildPhase;
			buildActionMask = 2147483647;
			files = (
			);
			runOnlyForDeploymentPostprocessing = 0;
		};
		275457242979BD1A00D58E09 /* Frameworks */ = {
			isa = PBXFrameworksBuildPhase;
			buildActionMask = 2147483647;
			files = (
			);
			runOnlyForDeploymentPostprocessing = 0;
		};
/* End PBXFrameworksBuildPhase section */

/* Begin PBXGroup section */
		275457042979BD1900D58E09 = {
			isa = PBXGroup;
			children = (
				2754570F2979BD1900D58E09 /* SmartDic */,
				275457202979BD1900D58E09 /* SmartDicTests */,
				2754572A2979BD1A00D58E09 /* SmartDicUITests */,
				2754570E2979BD1900D58E09 /* Products */,
			);
			sourceTree = "<group>";
		};
		2754570E2979BD1900D58E09 /* Products */ = {
			isa = PBXGroup;
			children = (
				2754570D2979BD1900D58E09 /* SmartDic.app */,
				2754571D2979BD1900D58E09 /* SmartDicTests.xctest */,
				275457272979BD1A00D58E09 /* SmartDicUITests.xctest */,
			);
			name = Products;
			sourceTree = "<group>";
		};
		2754570F2979BD1900D58E09 /* SmartDic */ = {
			isa = PBXGroup;
			children = (
				275457102979BD1900D58E09 /* SmartDicApp.swift */,
				275457122979BD1900D58E09 /* ContentView.swift */,
				275457142979BD1900D58E09 /* Assets.xcassets */,
				275457162979BD1900D58E09 /* Preview Content */,
			);
			path = SmartDic;
			sourceTree = "<group>";
		};
		275457162979BD1900D58E09 /* Preview Content */ = {
			isa = PBXGroup;
			children = (
				275457172979BD1900D58E09 /* Preview Assets.xcassets */,
			);
			path = "Preview Content";
			sourceTree = "<group>";
		};
		275457202979BD1900D58E09 /* SmartDicTests */ = {
			isa = PBXGroup;
			children = (
				275457212979BD1900D58E09 /* SmartDicTests.swift */,
			);
			path = SmartDicTests;
			sourceTree = "<group>";
		};
		2754572A2979BD1A00D58E09 /* SmartDicUITests */ = {
			isa = PBXGroup;
			children = (
				2754572B2979BD1A00D58E09 /* SmartDicUITests.swift */,
				2754572D2979BD1A00D58E09 /* SmartDicUITestsLaunchTests.swift */,
			);
			path = SmartDicUITests;
			sourceTree = "<group>";
		};
/* End PBXGroup section */

/* Begin PBXNativeTarget section */
		2754570C2979BD1900D58E09 /* SmartDic */ = {
			isa = PBXNativeTarget;
			buildConfigurationList = 275457312979BD1A00D58E09 /* Build configuration list for PBXNativeTarget "SmartDic" */;
			buildPhases = (
				275457092979BD1900D58E09 /* Sources */,
				2754570A2979BD1900D58E09 /* Frameworks */,
				2754570B2979BD1900D58E09 /* Resources */,
			);
			buildRules = (
			);
			dependencies = (
			);
			name = SmartDic;
			productName = SmartDic;
			productReference = 2754570D2979BD1900D58E09 /* SmartDic.app */;
			productType = "com.apple.product-type.application";
		};
		2754571C2979BD1900D58E09 /* SmartDicTests */ = {
			isa = PBXNativeTarget;
			buildConfigurationList = 275457342979BD1A00D58E09 /* Build configuration list for PBXNativeTarget "SmartDicTests" */;
			buildPhases = (
				275457192979BD1900D58E09 /* Sources */,
				2754571A2979BD1900D58E09 /* Frameworks */,
				2754571B2979BD1900D58E09 /* Resources */,
			);
			buildRules = (
			);
			dependencies = (
				2754571F2979BD1900D58E09 /* PBXTargetDependency */,
			);
			name = SmartDicTests;
			productName = SmartDicTests;
			productReference = 2754571D2979BD1900D58E09 /* SmartDicTests.xctest */;
			productType = "com.apple.product-type.bundle.unit-test";
		};
		275457262979BD1A00D58E09 /* SmartDicUITests */ = {
			isa = PBXNativeTarget;
			buildConfigurationList = 275457372979BD1A00D58E09 /* Build configuration list for PBXNativeTarget "SmartDicUITests" */;
			buildPhases = (
				275457232979BD1A00D58E09 /* Sources */,
				275457242979BD1A00D58E09 /* Frameworks */,
				275457252979BD1A00D58E09 /* Resources */,
			);
			buildRules = (
			);
			dependencies = (
				275457292979BD1A00D58E09 /* PBXTargetDependency */,
			);
			name = SmartDicUITests;
			productName = SmartDicUITests;
			productReference = 275457272979BD1A00D58E09 /* SmartDicUITests.xctest */;
			productType = "com.apple.product-type.bundle.ui-testing";
		};
/* End PBXNativeTarget section */

/* Begin PBXProject section */
		275457052979BD1900D58E09 /* Project object */ = {
			isa = PBXProject;
			attributes = {
				BuildIndependentTargetsInParallel = 1;
				LastSwiftUpdateCheck = 1420;
				LastUpgradeCheck = 1420;
				TargetAttributes = {
					2754570C2979BD1900D58E09 = {
						CreatedOnToolsVersion = 14.2;
					};
					2754571C2979BD1900D58E09 = {
						CreatedOnToolsVersion = 14.2;
						TestTargetID = 2754570C2979BD1900D58E09;
					};
					275457262979BD1A00D58E09 = {
						CreatedOnToolsVersion = 14.2;
						TestTargetID = 2754570C2979BD1900D58E09;
					};
				};
			};
			buildConfigurationList = 275457082979BD1900D58E09 /* Build configuration list for PBXProject "SmartDic" */;
			compatibilityVersion = "Xcode 14.0";
			developmentRegion = en;
			hasScannedForEncodings = 0;
			knownRegions = (
				en,
				Base,
			);
			mainGroup = 275457042979BD1900D58E09;
			productRefGroup = 2754570E2979BD1900D58E09 /* Products */;
			projectDirPath = "";
			projectRoot = "";
			targets = (
				2754570C2979BD1900D58E09 /* SmartDic */,
				2754571C2979BD1900D58E09 /* SmartDicTests */,
				275457262979BD1A00D58E09 /* SmartDicUITests */,
			);
		};
/* End PBXProject section */

/* Begin PBXResourcesBuildPhase section */
		2754570B2979BD1900D58E09 /* Resources */ = {
			isa = PBXResourcesBuildPhase;
			buildActionMask = 2147483647;
			files = (
				275457182979BD1900D58E09 /* Preview Assets.xcassets in Resources */,
				275457152979BD1900D58E09 /* Assets.xcassets in Resources */,
			);
			runOnlyForDeploymentPostprocessing = 0;
		};
		2754571B2979BD1900D58E09 /* Resources */ = {
			isa = PBXResourcesBuildPhase;
			buildActionMask = 2147483647;
			files = (
			);
			runOnlyForDeploymentPostprocessing = 0;
		};
		275457252979BD1A00D58E09 /* Resources */ = {
			isa = PBXResourcesBuildPhase;
			buildActionMask = 2147483647;
			files = (
			);
			runOnlyForDeploymentPostprocessing = 0;
		};
/* End PBXResourcesBuildPhase section */

/* Begin PBXSourcesBuildPhase section */
		275457092979BD1900D58E09 /* Sources */ = {
			isa = PBXSourcesBuildPhase;
			buildActionMask = 2147483647;
			files = (
				275457132979BD1900D58E09 /* ContentView.swift in Sources */,
				275457112979BD1900D58E09 /* SmartDicApp.swift in Sources */,
			);
			runOnlyForDeploymentPostprocessing = 0;
		};
		275457192979BD1900D58E09 /* Sources */ = {
			isa = PBXSourcesBuildPhase;
			buildActionMask = 2147483647;
			files = (
				275457222979BD1900D58E09 /* SmartDicTests.swift in Sources */,
			);
			runOnlyForDeploymentPostprocessing = 0;
		};
		275457232979BD1A00D58E09 /* Sources */ = {
			isa = PBXSourcesBuildPhase;
			buildActionMask = 2147483647;
			files = (
				2754572E2979BD1A00D58E09 /* SmartDicUITestsLaunchTests.swift in Sources */,
				2754572C2979BD1A00D58E09 /* SmartDicUITests.swift in Sources */,
			);
			runOnlyForDeploymentPostprocessing = 0;
		};
/* End PBXSourcesBuildPhase section */

/* Begin PBXTargetDependency section */
		2754571F2979BD1900D58E09 /* PBXTargetDependency */ = {
			isa = PBXTargetDependency;
			target = 2754570C2979BD1900D58E09 /* SmartDic */;
			targetProxy = 2754571E2979BD1900D58E09 /* PBXContainerItemProxy */;
		};
		275457292979BD1A00D58E09 /* PBXTargetDependency */ = {
			isa = PBXTargetDependency;
			target = 2754570C2979BD1900D58E09 /* SmartDic */;
			targetProxy = 275457282979BD1A00D58E09 /* PBXContainerItemProxy */;
		};
/* End PBXTargetDependency section */

/* Begin XCBuildConfiguration section */
		2754572F2979BD1A00D58E09 /* Debug */ = {
			isa = XCBuildConfiguration;
			buildSettings = {
				ALWAYS_SEARCH_USER_PATHS = NO;
				CLANG_ANALYZER_NONNULL = YES;
				CLANG_ANALYZER_NUMBER_OBJECT_CONVERSION = YES_AGGRESSIVE;
				CLANG_CXX_LANGUAGE_STANDARD = "gnu++20";
				CLANG_ENABLE_MODULES = YES;
				CLANG_ENABLE_OBJC_ARC = YES;
				CLANG_ENABLE_OBJC_WEAK = YES;
				CLANG_WARN_BLOCK_CAPTURE_AUTORELEASING = YES;
				CLANG_WARN_BOOL_CONVERSION = YES;
				CLANG_WARN_COMMA = YES;
				CLANG_WARN_CONSTANT_CONVERSION = YES;
				CLANG_WARN_DEPRECATED_OBJC_IMPLEMENTATIONS = YES;
				CLANG_WARN_DIRECT_OBJC_ISA_USAGE = YES_ERROR;
				CLANG_WARN_DOCUMENTATION_COMMENTS = YES;
				CLANG_WARN_EMPTY_BODY = YES;
				CLANG_WARN_ENUM_CONVERSION = YES;
				CLANG_WARN_INFINITE_RECURSION = YES;
				CLANG_WARN_INT_CONVERSION = YES;
				CLANG_WARN_NON_LITERAL_NULL_CONVERSION = YES;
				CLANG_WARN_OBJC_IMPLICIT_RETAIN_SELF = YES;
				CLANG_WARN_OBJC_LITERAL_CONVERSION = YES;
				CLANG_WARN_OBJC_ROOT_CLASS = YES_ERROR;
				CLANG_WARN_QUOTED_INCLUDE_IN_FRAMEWORK_HEADER = YES;
				CLANG_WARN_RANGE_LOOP_ANALYSIS = YES;
				CLANG_WARN_STRICT_PROTOTYPES = YES;
				CLANG_WARN_SUSPICIOUS_MOVE = YES;
				CLANG_WARN_UNGUARDED_AVAILABILITY = YES_AGGRESSIVE;
				CLANG_WARN_UNREACHABLE_CODE = YES;
				CLANG_WARN__DUPLICATE_METHOD_MATCH = YES;
				COPY_PHASE_STRIP = NO;
				DEBUG_INFORMATION_FORMAT = dwarf;
				ENABLE_STRICT_OBJC_MSGSEND = YES;
				ENABLE_TESTABILITY = YES;
				GCC_C_LANGUAGE_STANDARD = gnu11;
				GCC_DYNAMIC_NO_PIC = NO;
				GCC_NO_COMMON_BLOCKS = YES;
				GCC_OPTIMIZATION_LEVEL = 0;
				GCC_PREPROCESSOR_DEFINITIONS = (
					"DEBUG=1",
					"$(inherited)",
				);
				GCC_WARN_64_TO_32_BIT_CONVERSION = YES;
				GCC_WARN_ABOUT_RETURN_TYPE = YES_ERROR;
				GCC_WARN_UNDECLARED_SELECTOR = YES;
				GCC_WARN_UNINITIALIZED_AUTOS = YES_AGGRESSIVE;
				GCC_WARN_UNUSED_FUNCTION = YES;
				GCC_WARN_UNUSED_VARIABLE = YES;
				IPHONEOS_DEPLOYMENT_TARGET = 16.2;
				MTL_ENABLE_DEBUG_INFO = INCLUDE_SOURCE;
				MTL_FAST_MATH = YES;
				ONLY_ACTIVE_ARCH = YES;
				SDKROOT = iphoneos;
				SWIFT_ACTIVE_COMPILATION_CONDITIONS = DEBUG;
				SWIFT_OPTIMIZATION_LEVEL = "-Onone";
			};
			name = Debug;
		};
		275457302979BD1A00D58E09 /* Release */ = {
			isa = XCBuildConfiguration;
			buildSettings = {
				ALWAYS_SEARCH_USER_PATHS = NO;
				CLANG_ANALYZER_NONNULL = YES;
				CLANG_ANALYZER_NUMBER_OBJECT_CONVERSION = YES_AGGRESSIVE;
				CLANG_CXX_LANGUAGE_STANDARD = "gnu++20";
				CLANG_ENABLE_MODULES = YES;
				CLANG_ENABLE_OBJC_ARC = YES;
				CLANG_ENABLE_OBJC_WEAK = YES;
				CLANG_WARN_BLOCK_CAPTURE_AUTORELEASING = YES;
				CLANG_WARN_BOOL_CONVERSION = YES;
				CLANG_WARN_COMMA = YES;
				CLANG_WARN_CONSTANT_CONVERSION = YES;
				CLANG_WARN_DEPRECATED_OBJC_IMPLEMENTATIONS = YES;
				CLANG_WARN_DIRECT_OBJC_ISA_USAGE = YES_ERROR;
				CLANG_WARN_DOCUMENTATION_COMMENTS = YES;
				CLANG_WARN_EMPTY_BODY = YES;
				CLANG_WARN_ENUM_CONVERSION = YES;
				CLANG_WARN_INFINITE_RECURSION = YES;
				CLANG_WARN_INT_CONVERSION = YES;
				CLANG_WARN_NON_LITERAL_NULL_CONVERSION = YES;
				CLANG_WARN_OBJC_IMPLICIT_RETAIN_SELF = YES;
				CLANG_WARN_OBJC_LITERAL_CONVERSION = YES;
				CLANG_WARN_OBJC_ROOT_CLASS = YES_ERROR;
				CLANG_WARN_QUOTED_INCLUDE_IN_FRAMEWORK_HEADER = YES;
				CLANG_WARN_RANGE_LOOP_ANALYSIS = YES;
				CLANG_WARN_STRICT_PROTOTYPES = YES;
				CLANG_WARN_SUSPICIOUS_MOVE = YES;
				CLANG_WARN_UNGUARDED_AVAILABILITY = YES_AGGRESSIVE;
				CLANG_WARN_UNREACHABLE_CODE = YES;
				CLANG_WARN__DUPLICATE_METHOD_MATCH = YES;
				COPY_PHASE_STRIP = NO;
				DEBUG_INFORMATION_FORMAT = "dwarf-with-dsym";
				ENABLE_NS_ASSERTIONS = NO;
				ENABLE_STRICT_OBJC_MSGSEND = YES;
				GCC_C_LANGUAGE_STANDARD = gnu11;
				GCC_NO_COMMON_BLOCKS = YES;
				GCC_WARN_64_TO_32_BIT_CONVERSION = YES;
				GCC_WARN_ABOUT_RETURN_TYPE = YES_ERROR;
				GCC_WARN_UNDECLARED_SELECTOR = YES;
				GCC_WARN_UNINITIALIZED_AUTOS = YES_AGGRESSIVE;
				GCC_WARN_UNUSED_FUNCTION = YES;
				GCC_WARN_UNUSED_VARIABLE = YES;
				IPHONEOS_DEPLOYMENT_TARGET = 16.2;
				MTL_ENABLE_DEBUG_INFO = NO;
				MTL_FAST_MATH = YES;
				SDKROOT = iphoneos;
				SWIFT_COMPILATION_MODE = wholemodule;
				SWIFT_OPTIMIZATION_LEVEL = "-O";
				VALIDATE_PRODUCT = YES;
			};
			name = Release;
		};
		275457322979BD1A00D58E09 /* Debug */ = {
			isa = XCBuildConfiguration;
			buildSettings = {
				ASSETCATALOG_COMPILER_APPICON_NAME = AppIcon;
				ASSETCATALOG_COMPILER_GLOBAL_ACCENT_COLOR_NAME = AccentColor;
				CODE_SIGN_IDENTITY = "Apple Development";
				CODE_SIGN_STYLE = Automatic;
				CURRENT_PROJECT_VERSION = 6;
				DEVELOPMENT_ASSET_PATHS = "\"SmartDic/Preview Content\"";
				DEVELOPMENT_TEAM = 22747LKUZZ;
				ENABLE_PREVIEWS = YES;
				GENERATE_INFOPLIST_FILE = YES;
				INFOPLIST_KEY_UIApplicationSceneManifest_Generation = YES;
				INFOPLIST_KEY_UIApplicationSupportsIndirectInputEvents = YES;
				INFOPLIST_KEY_UILaunchScreen_Generation = YES;
				INFOPLIST_KEY_UISupportedInterfaceOrientations_iPad = "UIInterfaceOrientationPortrait UIInterfaceOrientationPortraitUpsideDown UIInterfaceOrientationLandscapeLeft UIInterfaceOrientationLandscapeRight";
				INFOPLIST_KEY_UISupportedInterfaceOrientations_iPhone = "UIInterfaceOrientationPortrait UIInterfaceOrientationLandscapeLeft UIInterfaceOrientationLandscapeRight";
				LD_RUNPATH_SEARCH_PATHS = (
					"$(inherited)",
					"@executable_path/Frameworks",
				);
				MARKETING_VERSION = 1.0;
				PRODUCT_BUNDLE_IDENTIFIER = com.Mary.SmartDic;
				PRODUCT_NAME = "$(TARGET_NAME)";
				PROVISIONING_PROFILE_SPECIFIER = "";
				SWIFT_EMIT_LOC_STRINGS = YES;
				SWIFT_VERSION = 5.0;
				TARGETED_DEVICE_FAMILY = "1,2";
			};
			name = Debug;
		};
		275457332979BD1A00D58E09 /* Release */ = {
			isa = XCBuildConfiguration;
			buildSettings = {
				ASSETCATALOG_COMPILER_APPICON_NAME = AppIcon;
				ASSETCATALOG_COMPILER_GLOBAL_ACCENT_COLOR_NAME = AccentColor;
				CODE_SIGN_STYLE = Automatic;
				CURRENT_PROJECT_VERSION = 6;
				DEVELOPMENT_ASSET_PATHS = "\"SmartDic/Preview Content\"";
				DEVELOPMENT_TEAM = 22747LKUZZ;
				ENABLE_PREVIEWS = YES;
				GENERATE_INFOPLIST_FILE = YES;
				INFOPLIST_KEY_UIApplicationSceneManifest_Generation = YES;
				INFOPLIST_KEY_UIApplicationSupportsIndirectInputEvents = YES;
				INFOPLIST_KEY_UILaunchScreen_Generation = YES;
				INFOPLIST_KEY_UISupportedInterfaceOrientations_iPad = "UIInterfaceOrientationPortrait UIInterfaceOrientationPortraitUpsideDown UIInterfaceOrientationLandscapeLeft UIInterfaceOrientationLandscapeRight";
				INFOPLIST_KEY_UISupportedInterfaceOrientations_iPhone = "UIInterfaceOrientationPortrait UIInterfaceOrientationLandscapeLeft UIInterfaceOrientationLandscapeRight";
				LD_RUNPATH_SEARCH_PATHS = (
					"$(inherited)",
					"@executable_path/Frameworks",
				);
				MARKETING_VERSION = 1.0;
				PRODUCT_BUNDLE_IDENTIFIER = com.Mary.SmartDic;
				PRODUCT_NAME = "$(TARGET_NAME)";
				SWIFT_EMIT_LOC_STRINGS = YES;
				SWIFT_VERSION = 5.0;
				TARGETED_DEVICE_FAMILY = "1,2";
			};
			name = Release;
		};
		275457352979BD1A00D58E09 /* Debug */ = {
			isa = XCBuildConfiguration;
			buildSettings = {
				ALWAYS_EMBED_SWIFT_STANDARD_LIBRARIES = YES;
				BUNDLE_LOADER = "$(TEST_HOST)";
				CODE_SIGN_STYLE = Automatic;
				CURRENT_PROJECT_VERSION = 6;
				DEVELOPMENT_TEAM = 22747LKUZZ;
				GENERATE_INFOPLIST_FILE = YES;
				IPHONEOS_DEPLOYMENT_TARGET = 16.2;
				MARKETING_VERSION = 1.0;
				PRODUCT_BUNDLE_IDENTIFIER = com.Mary.SmartDicTests;
				PRODUCT_NAME = "$(TARGET_NAME)";
				SWIFT_EMIT_LOC_STRINGS = NO;
				SWIFT_VERSION = 5.0;
				TARGETED_DEVICE_FAMILY = "1,2";
				TEST_HOST = "$(BUILT_PRODUCTS_DIR)/SmartDic.app/$(BUNDLE_EXECUTABLE_FOLDER_PATH)/SmartDic";
			};
			name = Debug;
		};
		275457362979BD1A00D58E09 /* Release */ = {
			isa = XCBuildConfiguration;
			buildSettings = {
				ALWAYS_EMBED_SWIFT_STANDARD_LIBRARIES = YES;
				BUNDLE_LOADER = "$(TEST_HOST)";
				CODE_SIGN_STYLE = Automatic;
				CURRENT_PROJECT_VERSION = 6;
				DEVELOPMENT_TEAM = 22747LKUZZ;
				GENERATE_INFOPLIST_FILE = YES;
				IPHONEOS_DEPLOYMENT_TARGET = 16.2;
				MARKETING_VERSION = 1.0;
				PRODUCT_BUNDLE_IDENTIFIER = com.Mary.SmartDicTests;
				PRODUCT_NAME = "$(TARGET_NAME)";
				SWIFT_EMIT_LOC_STRINGS = NO;
				SWIFT_VERSION = 5.0;
				TARGETED_DEVICE_FAMILY = "1,2";
				TEST_HOST = "$(BUILT_PRODUCTS_DIR)/SmartDic.app/$(BUNDLE_EXECUTABLE_FOLDER_PATH)/SmartDic";
			};
			name = Release;
		};
		275457382979BD1A00D58E09 /* Debug */ = {
			isa = XCBuildConfiguration;
			buildSettings = {
				ALWAYS_EMBED_SWIFT_STANDARD_LIBRARIES = YES;
				CODE_SIGN_STYLE = Automatic;
				CURRENT_PROJECT_VERSION = 6;
				DEVELOPMENT_TEAM = 22747LKUZZ;
				GENERATE_INFOPLIST_FILE = YES;
				MARKETING_VERSION = 1.0;
				PRODUCT_BUNDLE_IDENTIFIER = com.Mary.SmartDicUITests;
				PRODUCT_NAME = "$(TARGET_NAME)";
				SWIFT_EMIT_LOC_STRINGS = NO;
				SWIFT_VERSION = 5.0;
				TARGETED_DEVICE_FAMILY = "1,2";
				TEST_TARGET_NAME = SmartDic;
			};
			name = Debug;
		};
		275457392979BD1A00D58E09 /* Release */ = {
			isa = XCBuildConfiguration;
			buildSettings = {
				ALWAYS_EMBED_SWIFT_STANDARD_LIBRARIES = YES;
				CODE_SIGN_STYLE = Automatic;
				CURRENT_PROJECT_VERSION = 6;
				DEVELOPMENT_TEAM = 22747LKUZZ;
				GENERATE_INFOPLIST_FILE = YES;
				MARKETING_VERSION = 1.0;
				PRODUCT_BUNDLE_IDENTIFIER = com.Mary.SmartDicUITests;
				PRODUCT_NAME = "$(TARGET_NAME)";
				SWIFT_EMIT_LOC_STRINGS = NO;
				SWIFT_VERSION = 5.0;
				TARGETED_DEVICE_FAMILY = "1,2";
				TEST_TARGET_NAME = SmartDic;
			};
			name = Release;
		};
/* End XCBuildConfiguration section */

/* Begin XCConfigurationList section */
		275457082979BD1900D58E09 /* Build configuration list for PBXProject "SmartDic" */ = {
			isa = XCConfigurationList;
			buildConfigurations = (
				2754572F2979BD1A00D58E09 /* Debug */,
				275457302979BD1A00D58E09 /* Release */,
			);
			defaultConfigurationIsVisible = 0;
			defaultConfigurationName = Release;
		};
		275457312979BD1A00D58E09 /* Build configuration list for PBXNativeTarget "SmartDic" */ = {
			isa = XCConfigurationList;
			buildConfigurations = (
				275457322979BD1A00D58E09 /* Debug */,
				275457332979BD1A00D58E09 /* Release */,
			);
			defaultConfigurationIsVisible = 0;
			defaultConfigurationName = Release;
		};
		275457342979BD1A00D58E09 /* Build configuration list for PBXNativeTarget "SmartDicTests" */ = {
			isa = XCConfigurationList;
			buildConfigurations = (
				275457352979BD1A00D58E09 /* Debug */,
				275457362979BD1A00D58E09 /* Release */,
			);
			defaultConfigurationIsVisible = 0;
			defaultConfigurationName = Release;
		};
		275457372979BD1A00D58E09 /* Build configuration list for PBXNativeTarget "SmartDicUITests" */ = {
			isa = XCConfigurationList;
			buildConfigurations = (
				275457382979BD1A00D58E09 /* Debug */,
				275457392979BD1A00D58E09 /* Release */,
			);
			defaultConfigurationIsVisible = 0;
			defaultConfigurationName = Release;
		};
/* End XCConfigurationList section */
	};
	rootObject = 275457052979BD1900D58E09 /* Project object */;
}
